// !$*UTF8*$!
{
	archiveVersion = 1;
	classes = {
	};
	objectVersion = 77;
	objects = {

/* Begin PBXContainerItemProxy section */
		751F65292D6D3BCC00812B8F /* PBXContainerItemProxy */ = {
			isa = PBXContainerItemProxy;
			containerPortal = 751F65102D6D3BCA00812B8F /* Project object */;
			proxyType = 1;
			remoteGlobalIDString = 751F65172D6D3BCA00812B8F;
			remoteInfo = AnimeAndManga;
		};
		751F65332D6D3BCC00812B8F /* PBXContainerItemProxy */ = {
			isa = PBXContainerItemProxy;
			containerPortal = 751F65102D6D3BCA00812B8F /* Project object */;
			proxyType = 1;
			remoteGlobalIDString = 751F65172D6D3BCA00812B8F;
			remoteInfo = AnimeAndManga;
		};
/* End PBXContainerItemProxy section */

/* Begin PBXFileReference section */
		751F65182D6D3BCA00812B8F /* AnimeAndManga.app */ = {isa = PBXFileReference; explicitFileType = wrapper.application; includeInIndex = 0; path = AnimeAndManga.app; sourceTree = BUILT_PRODUCTS_DIR; };
		751F65282D6D3BCC00812B8F /* AnimeAndMangaTests.xctest */ = {isa = PBXFileReference; explicitFileType = wrapper.cfbundle; includeInIndex = 0; path = AnimeAndMangaTests.xctest; sourceTree = BUILT_PRODUCTS_DIR; };
		751F65322D6D3BCC00812B8F /* AnimeAndMangaUITests.xctest */ = {isa = PBXFileReference; explicitFileType = wrapper.cfbundle; includeInIndex = 0; path = AnimeAndMangaUITests.xctest; sourceTree = BUILT_PRODUCTS_DIR; };
/* End PBXFileReference section */

/* Begin PBXFileSystemSynchronizedRootGroup section */
		751F651A2D6D3BCA00812B8F /* AnimeAndManga */ = {
			isa = PBXFileSystemSynchronizedRootGroup;
			path = AnimeAndManga;
			sourceTree = "<group>";
		};
		751F652B2D6D3BCC00812B8F /* AnimeAndMangaTests */ = {
			isa = PBXFileSystemSynchronizedRootGroup;
			path = AnimeAndMangaTests;
			sourceTree = "<group>";
		};
		751F65352D6D3BCC00812B8F /* AnimeAndMangaUITests */ = {
			isa = PBXFileSystemSynchronizedRootGroup;
			path = AnimeAndMangaUITests;
			sourceTree = "<group>";
		};
/* End PBXFileSystemSynchronizedRootGroup section */

/* Begin PBXFrameworksBuildPhase section */
		751F65152D6D3BCA00812B8F /* Frameworks */ = {
			isa = PBXFrameworksBuildPhase;
			buildActionMask = 2147483647;
			files = (
			);
			runOnlyForDeploymentPostprocessing = 0;
		};
		751F65252D6D3BCC00812B8F /* Frameworks */ = {
			isa = PBXFrameworksBuildPhase;
			buildActionMask = 2147483647;
			files = (
			);
			runOnlyForDeploymentPostprocessing = 0;
		};
		751F652F2D6D3BCC00812B8F /* Frameworks */ = {
			isa = PBXFrameworksBuildPhase;
			buildActionMask = 2147483647;
			files = (
			);
			runOnlyForDeploymentPostprocessing = 0;
		};
/* End PBXFrameworksBuildPhase section */

/* Begin PBXGroup section */
		751F650F2D6D3BCA00812B8F = {
			isa = PBXGroup;
			children = (
				751F651A2D6D3BCA00812B8F /* AnimeAndManga */,
				751F652B2D6D3BCC00812B8F /* AnimeAndMangaTests */,
				751F65352D6D3BCC00812B8F /* AnimeAndMangaUITests */,
				751F65192D6D3BCA00812B8F /* Products */,
			);
			sourceTree = "<group>";
		};
		751F65192D6D3BCA00812B8F /* Products */ = {
			isa = PBXGroup;
			children = (
				751F65182D6D3BCA00812B8F /* AnimeAndManga.app */,
				751F65282D6D3BCC00812B8F /* AnimeAndMangaTests.xctest */,
				751F65322D6D3BCC00812B8F /* AnimeAndMangaUITests.xctest */,
			);
			name = Products;
			sourceTree = "<group>";
		};
/* End PBXGroup section */

/* Begin PBXNativeTarget section */
		751F65172D6D3BCA00812B8F /* AnimeAndManga */ = {
			isa = PBXNativeTarget;
			buildConfigurationList = 751F653C2D6D3BCC00812B8F /* Build configuration list for PBXNativeTarget "AnimeAndManga" */;
			buildPhases = (
				751F65142D6D3BCA00812B8F /* Sources */,
				751F65152D6D3BCA00812B8F /* Frameworks */,
				751F65162D6D3BCA00812B8F /* Resources */,
			);
			buildRules = (
			);
			dependencies = (
			);
			fileSystemSynchronizedGroups = (
				751F651A2D6D3BCA00812B8F /* AnimeAndManga */,
			);
			name = AnimeAndManga;
			packageProductDependencies = (
			);
			productName = AnimeAndManga;
			productReference = 751F65182D6D3BCA00812B8F /* AnimeAndManga.app */;
			productType = "com.apple.product-type.application";
		};
		751F65272D6D3BCC00812B8F /* AnimeAndMangaTests */ = {
			isa = PBXNativeTarget;
			buildConfigurationList = 751F653F2D6D3BCC00812B8F /* Build configuration list for PBXNativeTarget "AnimeAndMangaTests" */;
			buildPhases = (
				751F65242D6D3BCC00812B8F /* Sources */,
				751F65252D6D3BCC00812B8F /* Frameworks */,
				751F65262D6D3BCC00812B8F /* Resources */,
			);
			buildRules = (
			);
			dependencies = (
				751F652A2D6D3BCC00812B8F /* PBXTargetDependency */,
			);
			fileSystemSynchronizedGroups = (
				751F652B2D6D3BCC00812B8F /* AnimeAndMangaTests */,
			);
			name = AnimeAndMangaTests;
			packageProductDependencies = (
			);
			productName = AnimeAndMangaTests;
			productReference = 751F65282D6D3BCC00812B8F /* AnimeAndMangaTests.xctest */;
			productType = "com.apple.product-type.bundle.unit-test";
		};
		751F65312D6D3BCC00812B8F /* AnimeAndMangaUITests */ = {
			isa = PBXNativeTarget;
			buildConfigurationList = 751F65422D6D3BCC00812B8F /* Build configuration list for PBXNativeTarget "AnimeAndMangaUITests" */;
			buildPhases = (
				751F652E2D6D3BCC00812B8F /* Sources */,
				751F652F2D6D3BCC00812B8F /* Frameworks */,
				751F65302D6D3BCC00812B8F /* Resources */,
			);
			buildRules = (
			);
			dependencies = (
				751F65342D6D3BCC00812B8F /* PBXTargetDependency */,
			);
			fileSystemSynchronizedGroups = (
				751F65352D6D3BCC00812B8F /* AnimeAndMangaUITests */,
			);
			name = AnimeAndMangaUITests;
			packageProductDependencies = (
			);
			productName = AnimeAndMangaUITests;
			productReference = 751F65322D6D3BCC00812B8F /* AnimeAndMangaUITests.xctest */;
			productType = "com.apple.product-type.bundle.ui-testing";
		};
/* End PBXNativeTarget section */

/* Begin PBXProject section */
		751F65102D6D3BCA00812B8F /* Project object */ = {
			isa = PBXProject;
			attributes = {
				BuildIndependentTargetsInParallel = 1;
				LastSwiftUpdateCheck = 1610;
				LastUpgradeCheck = 1610;
				TargetAttributes = {
					751F65172D6D3BCA00812B8F = {
						CreatedOnToolsVersion = 16.1;
					};
					751F65272D6D3BCC00812B8F = {
						CreatedOnToolsVersion = 16.1;
						TestTargetID = 751F65172D6D3BCA00812B8F;
					};
					751F65312D6D3BCC00812B8F = {
						CreatedOnToolsVersion = 16.1;
						TestTargetID = 751F65172D6D3BCA00812B8F;
					};
				};
			};
			buildConfigurationList = 751F65132D6D3BCA00812B8F /* Build configuration list for PBXProject "AnimeAndManga" */;
			developmentRegion = en;
			hasScannedForEncodings = 0;
			knownRegions = (
				en,
				Base,
			);
			mainGroup = 751F650F2D6D3BCA00812B8F;
			minimizedProjectReferenceProxies = 1;
			preferredProjectObjectVersion = 77;
			productRefGroup = 751F65192D6D3BCA00812B8F /* Products */;
			projectDirPath = "";
			projectRoot = "";
			targets = (
				751F65172D6D3BCA00812B8F /* AnimeAndManga */,
				751F65272D6D3BCC00812B8F /* AnimeAndMangaTests */,
				751F65312D6D3BCC00812B8F /* AnimeAndMangaUITests */,
			);
		};
/* End PBXProject section */

/* Begin PBXResourcesBuildPhase section */
		751F65162D6D3BCA00812B8F /* Resources */ = {
			isa = PBXResourcesBuildPhase;
			buildActionMask = 2147483647;
			files = (
			);
			runOnlyForDeploymentPostprocessing = 0;
		};
		751F65262D6D3BCC00812B8F /* Resources */ = {
			isa = PBXResourcesBuildPhase;
			buildActionMask = 2147483647;
			files = (
			);
			runOnlyForDeploymentPostprocessing = 0;
		};
		751F65302D6D3BCC00812B8F /* Resources */ = {
			isa = PBXResourcesBuildPhase;
			buildActionMask = 2147483647;
			files = (
			);
			runOnlyForDeploymentPostprocessing = 0;
		};
/* End PBXResourcesBuildPhase section */

/* Begin PBXSourcesBuildPhase section */
		751F65142D6D3BCA00812B8F /* Sources */ = {
			isa = PBXSourcesBuildPhase;
			buildActionMask = 2147483647;
			files = (
			);
			runOnlyForDeploymentPostprocessing = 0;
		};
		751F65242D6D3BCC00812B8F /* Sources */ = {
			isa = PBXSourcesBuildPhase;
			buildActionMask = 2147483647;
			files = (
			);
			runOnlyForDeploymentPostprocessing = 0;
		};
		751F652E2D6D3BCC00812B8F /* Sources */ = {
			isa = PBXSourcesBuildPhase;
			buildActionMask = 2147483647;
			files = (
			);
			runOnlyForDeploymentPostprocessing = 0;
		};
/* End PBXSourcesBuildPhase section */

/* Begin PBXTargetDependency section */
		751F652A2D6D3BCC00812B8F /* PBXTargetDependency */ = {
			isa = PBXTargetDependency;
			target = 751F65172D6D3BCA00812B8F /* AnimeAndManga */;
			targetProxy = 751F65292D6D3BCC00812B8F /* PBXContainerItemProxy */;
		};
		751F65342D6D3BCC00812B8F /* PBXTargetDependency */ = {
			isa = PBXTargetDependency;
			target = 751F65172D6D3BCA00812B8F /* AnimeAndManga */;
			targetProxy = 751F65332D6D3BCC00812B8F /* PBXContainerItemProxy */;
		};
/* End PBXTargetDependency section */

/* Begin XCBuildConfiguration section */
		751F653A2D6D3BCC00812B8F /* Debug */ = {
			isa = XCBuildConfiguration;
			buildSettings = {
				ALWAYS_SEARCH_USER_PATHS = NO;
				ASSETCATALOG_COMPILER_GENERATE_SWIFT_ASSET_SYMBOL_EXTENSIONS = YES;
				CLANG_ANALYZER_NONNULL = YES;
				CLANG_ANALYZER_NUMBER_OBJECT_CONVERSION = YES_AGGRESSIVE;
				CLANG_CXX_LANGUAGE_STANDARD = "gnu++20";
				CLANG_ENABLE_MODULES = YES;
				CLANG_ENABLE_OBJC_ARC = YES;
				CLANG_ENABLE_OBJC_WEAK = YES;
				CLANG_WARN_BLOCK_CAPTURE_AUTORELEASING = YES;
				CLANG_WARN_BOOL_CONVERSION = YES;
				CLANG_WARN_COMMA = YES;
				CLANG_WARN_CONSTANT_CONVERSION = YES;
				CLANG_WARN_DEPRECATED_OBJC_IMPLEMENTATIONS = YES;
				CLANG_WARN_DIRECT_OBJC_ISA_USAGE = YES_ERROR;
				CLANG_WARN_DOCUMENTATION_COMMENTS = YES;
				CLANG_WARN_EMPTY_BODY = YES;
				CLANG_WARN_ENUM_CONVERSION = YES;
				CLANG_WARN_INFINITE_RECURSION = YES;
				CLANG_WARN_INT_CONVERSION = YES;
				CLANG_WARN_NON_LITERAL_NULL_CONVERSION = YES;
				CLANG_WARN_OBJC_IMPLICIT_RETAIN_SELF = YES;
				CLANG_WARN_OBJC_LITERAL_CONVERSION = YES;
				CLANG_WARN_OBJC_ROOT_CLASS = YES_ERROR;
				CLANG_WARN_QUOTED_INCLUDE_IN_FRAMEWORK_HEADER = YES;
				CLANG_WARN_RANGE_LOOP_ANALYSIS = YES;
				CLANG_WARN_STRICT_PROTOTYPES = YES;
				CLANG_WARN_SUSPICIOUS_MOVE = YES;
				CLANG_WARN_UNGUARDED_AVAILABILITY = YES_AGGRESSIVE;
				CLANG_WARN_UNREACHABLE_CODE = YES;
				CLANG_WARN__DUPLICATE_METHOD_MATCH = YES;
				COPY_PHASE_STRIP = NO;
				DEBUG_INFORMATION_FORMAT = dwarf;
				ENABLE_STRICT_OBJC_MSGSEND = YES;
				ENABLE_TESTABILITY = YES;
				ENABLE_USER_SCRIPT_SANDBOXING = YES;
				GCC_C_LANGUAGE_STANDARD = gnu17;
				GCC_DYNAMIC_NO_PIC = NO;
				GCC_NO_COMMON_BLOCKS = YES;
				GCC_OPTIMIZATION_LEVEL = 0;
				GCC_PREPROCESSOR_DEFINITIONS = (
					"DEBUG=1",
					"$(inherited)",
				);
				GCC_WARN_64_TO_32_BIT_CONVERSION = YES;
				GCC_WARN_ABOUT_RETURN_TYPE = YES_ERROR;
				GCC_WARN_UNDECLARED_SELECTOR = YES;
				GCC_WARN_UNINITIALIZED_AUTOS = YES_AGGRESSIVE;
				GCC_WARN_UNUSED_FUNCTION = YES;
				GCC_WARN_UNUSED_VARIABLE = YES;
				IPHONEOS_DEPLOYMENT_TARGET = 18.1;
				LOCALIZATION_PREFERS_STRING_CATALOGS = YES;
				MTL_ENABLE_DEBUG_INFO = INCLUDE_SOURCE;
				MTL_FAST_MATH = YES;
				ONLY_ACTIVE_ARCH = YES;
				SDKROOT = iphoneos;
				SWIFT_ACTIVE_COMPILATION_CONDITIONS = "DEBUG $(inherited)";
				SWIFT_OPTIMIZATION_LEVEL = "-Onone";
			};
			name = Debug;
		};
		751F653B2D6D3BCC00812B8F /* Release */ = {
			isa = XCBuildConfiguration;
			buildSettings = {
				ALWAYS_SEARCH_USER_PATHS = NO;
				ASSETCATALOG_COMPILER_GENERATE_SWIFT_ASSET_SYMBOL_EXTENSIONS = YES;
				CLANG_ANALYZER_NONNULL = YES;
				CLANG_ANALYZER_NUMBER_OBJECT_CONVERSION = YES_AGGRESSIVE;
				CLANG_CXX_LANGUAGE_STANDARD = "gnu++20";
				CLANG_ENABLE_MODULES = YES;
				CLANG_ENABLE_OBJC_ARC = YES;
				CLANG_ENABLE_OBJC_WEAK = YES;
				CLANG_WARN_BLOCK_CAPTURE_AUTORELEASING = YES;
				CLANG_WARN_BOOL_CONVERSION = YES;
				CLANG_WARN_COMMA = YES;
				CLANG_WARN_CONSTANT_CONVERSION = YES;
				CLANG_WARN_DEPRECATED_OBJC_IMPLEMENTATIONS = YES;
				CLANG_WARN_DIRECT_OBJC_ISA_USAGE = YES_ERROR;
				CLANG_WARN_DOCUMENTATION_COMMENTS = YES;
				CLANG_WARN_EMPTY_BODY = YES;
				CLANG_WARN_ENUM_CONVERSION = YES;
				CLANG_WARN_INFINITE_RECURSION = YES;
				CLANG_WARN_INT_CONVERSION = YES;
				CLANG_WARN_NON_LITERAL_NULL_CONVERSION = YES;
				CLANG_WARN_OBJC_IMPLICIT_RETAIN_SELF = YES;
				CLANG_WARN_OBJC_LITERAL_CONVERSION = YES;
				CLANG_WARN_OBJC_ROOT_CLASS = YES_ERROR;
				CLANG_WARN_QUOTED_INCLUDE_IN_FRAMEWORK_HEADER = YES;
				CLANG_WARN_RANGE_LOOP_ANALYSIS = YES;
				CLANG_WARN_STRICT_PROTOTYPES = YES;
				CLANG_WARN_SUSPICIOUS_MOVE = YES;
				CLANG_WARN_UNGUARDED_AVAILABILITY = YES_AGGRESSIVE;
				CLANG_WARN_UNREACHABLE_CODE = YES;
				CLANG_WARN__DUPLICATE_METHOD_MATCH = YES;
				COPY_PHASE_STRIP = NO;
				DEBUG_INFORMATION_FORMAT = "dwarf-with-dsym";
				ENABLE_NS_ASSERTIONS = NO;
				ENABLE_STRICT_OBJC_MSGSEND = YES;
				ENABLE_USER_SCRIPT_SANDBOXING = YES;
				GCC_C_LANGUAGE_STANDARD = gnu17;
				GCC_NO_COMMON_BLOCKS = YES;
				GCC_WARN_64_TO_32_BIT_CONVERSION = YES;
				GCC_WARN_ABOUT_RETURN_TYPE = YES_ERROR;
				GCC_WARN_UNDECLARED_SELECTOR = YES;
				GCC_WARN_UNINITIALIZED_AUTOS = YES_AGGRESSIVE;
				GCC_WARN_UNUSED_FUNCTION = YES;
				GCC_WARN_UNUSED_VARIABLE = YES;
				IPHONEOS_DEPLOYMENT_TARGET = 18.1;
				LOCALIZATION_PREFERS_STRING_CATALOGS = YES;
				MTL_ENABLE_DEBUG_INFO = NO;
				MTL_FAST_MATH = YES;
				SDKROOT = iphoneos;
				SWIFT_COMPILATION_MODE = wholemodule;
				VALIDATE_PRODUCT = YES;
			};
			name = Release;
		};
		751F653D2D6D3BCC00812B8F /* Debug */ = {
			isa = XCBuildConfiguration;
			buildSettings = {
				ASSETCATALOG_COMPILER_APPICON_NAME = AppIcon;
				ASSETCATALOG_COMPILER_GLOBAL_ACCENT_COLOR_NAME = AccentColor;
				ASSETCATALOG_COMPILER_INCLUDE_ALL_APPICON_ASSETS = NO;
				CODE_SIGN_STYLE = Automatic;
				CURRENT_PROJECT_VERSION = 1;
				DEVELOPMENT_ASSET_PATHS = "\"AnimeAndManga/App/Assets\"";
				DEVELOPMENT_TEAM = 8KR33X63ZD;
				ENABLE_PREVIEWS = YES;
				GENERATE_INFOPLIST_FILE = YES;
				INFOPLIST_KEY_CFBundleDisplayName = "Anime and Mangá";
				INFOPLIST_KEY_LSApplicationCategoryType = "public.app-category.entertainment";
				INFOPLIST_KEY_UIApplicationSceneManifest_Generation = YES;
				INFOPLIST_KEY_UIApplicationSupportsIndirectInputEvents = YES;
				INFOPLIST_KEY_UILaunchScreen_Generation = YES;
				INFOPLIST_KEY_UILaunchStoryboardName = LaunchScreen.storyboard;
				INFOPLIST_KEY_UISupportedInterfaceOrientations = UIInterfaceOrientationPortrait;
				INFOPLIST_KEY_UISupportedInterfaceOrientations_iPad = "UIInterfaceOrientationLandscapeLeft UIInterfaceOrientationLandscapeRight UIInterfaceOrientationPortrait UIInterfaceOrientationPortraitUpsideDown";
				IPHONEOS_DEPLOYMENT_TARGET = 18.0;
				LD_RUNPATH_SEARCH_PATHS = (
					"$(inherited)",
					"@executable_path/Frameworks",
				);
				MARKETING_VERSION = 1.0;
				PRODUCT_BUNDLE_IDENTIFIER = DuarteBruno.AnimeAndManga;
				PRODUCT_NAME = "$(TARGET_NAME)";
				SUPPORTED_PLATFORMS = "iphoneos iphonesimulator";
				SUPPORTS_MACCATALYST = NO;
				SUPPORTS_MAC_DESIGNED_FOR_IPHONE_IPAD = NO;
				SUPPORTS_XR_DESIGNED_FOR_IPHONE_IPAD = NO;
				SWIFT_EMIT_LOC_STRINGS = YES;
				SWIFT_VERSION = 5.0;
				TARGETED_DEVICE_FAMILY = 1;
			};
			name = Debug;
		};
		751F653E2D6D3BCC00812B8F /* Release */ = {
			isa = XCBuildConfiguration;
			buildSettings = {
				ASSETCATALOG_COMPILER_APPICON_NAME = AppIcon;
				ASSETCATALOG_COMPILER_GLOBAL_ACCENT_COLOR_NAME = AccentColor;
				ASSETCATALOG_COMPILER_INCLUDE_ALL_APPICON_ASSETS = NO;
				CODE_SIGN_STYLE = Automatic;
				CURRENT_PROJECT_VERSION = 1;
				DEVELOPMENT_ASSET_PATHS = "\"AnimeAndManga/App/Assets\"";
				DEVELOPMENT_TEAM = 8KR33X63ZD;
				ENABLE_PREVIEWS = YES;
				GENERATE_INFOPLIST_FILE = YES;
				INFOPLIST_KEY_CFBundleDisplayName = "Anime and Mangá";
				INFOPLIST_KEY_LSApplicationCategoryType = "public.app-category.entertainment";
				INFOPLIST_KEY_UIApplicationSceneManifest_Generation = YES;
				INFOPLIST_KEY_UIApplicationSupportsIndirectInputEvents = YES;
				INFOPLIST_KEY_UILaunchScreen_Generation = YES;
				INFOPLIST_KEY_UILaunchStoryboardName = LaunchScreen.storyboard;
				INFOPLIST_KEY_UISupportedInterfaceOrientations = UIInterfaceOrientationPortrait;
				INFOPLIST_KEY_UISupportedInterfaceOrientations_iPad = "UIInterfaceOrientationLandscapeLeft UIInterfaceOrientationLandscapeRight UIInterfaceOrientationPortrait UIInterfaceOrientationPortraitUpsideDown";
				IPHONEOS_DEPLOYMENT_TARGET = 18.0;
				LD_RUNPATH_SEARCH_PATHS = (
					"$(inherited)",
					"@executable_path/Frameworks",
				);
				MARKETING_VERSION = 1.0;
				PRODUCT_BUNDLE_IDENTIFIER = DuarteBruno.AnimeAndManga;
				PRODUCT_NAME = "$(TARGET_NAME)";
				SUPPORTED_PLATFORMS = "iphoneos iphonesimulator";
				SUPPORTS_MACCATALYST = NO;
				SUPPORTS_MAC_DESIGNED_FOR_IPHONE_IPAD = NO;
				SUPPORTS_XR_DESIGNED_FOR_IPHONE_IPAD = NO;
				SWIFT_EMIT_LOC_STRINGS = YES;
				SWIFT_VERSION = 5.0;
				TARGETED_DEVICE_FAMILY = 1;
			};
			name = Release;
		};
		751F65402D6D3BCC00812B8F /* Debug */ = {
			isa = XCBuildConfiguration;
			buildSettings = {
				BUNDLE_LOADER = "$(TEST_HOST)";
				CODE_SIGN_STYLE = Automatic;
				CURRENT_PROJECT_VERSION = 1;
				DEVELOPMENT_TEAM = 8KR33X63ZD;
				GENERATE_INFOPLIST_FILE = YES;
				IPHONEOS_DEPLOYMENT_TARGET = 18.1;
				MARKETING_VERSION = 1.0;
				PRODUCT_BUNDLE_IDENTIFIER = DuarteBruno.AnimeAndMangaTests;
				PRODUCT_NAME = "$(TARGET_NAME)";
				SWIFT_EMIT_LOC_STRINGS = NO;
				SWIFT_VERSION = 5.0;
				TARGETED_DEVICE_FAMILY = "1,2";
				TEST_HOST = "$(BUILT_PRODUCTS_DIR)/AnimeAndManga.app/$(BUNDLE_EXECUTABLE_FOLDER_PATH)/AnimeAndManga";
			};
			name = Debug;
		};
		751F65412D6D3BCC00812B8F /* Release */ = {
			isa = XCBuildConfiguration;
			buildSettings = {
				BUNDLE_LOADER = "$(TEST_HOST)";
				CODE_SIGN_STYLE = Automatic;
				CURRENT_PROJECT_VERSION = 1;
				DEVELOPMENT_TEAM = 8KR33X63ZD;
				GENERATE_INFOPLIST_FILE = YES;
				IPHONEOS_DEPLOYMENT_TARGET = 18.1;
				MARKETING_VERSION = 1.0;
				PRODUCT_BUNDLE_IDENTIFIER = DuarteBruno.AnimeAndMangaTests;
				PRODUCT_NAME = "$(TARGET_NAME)";
				SWIFT_EMIT_LOC_STRINGS = NO;
				SWIFT_VERSION = 5.0;
				TARGETED_DEVICE_FAMILY = "1,2";
				TEST_HOST = "$(BUILT_PRODUCTS_DIR)/AnimeAndManga.app/$(BUNDLE_EXECUTABLE_FOLDER_PATH)/AnimeAndManga";
			};
			name = Release;
		};
		751F65432D6D3BCC00812B8F /* Debug */ = {
			isa = XCBuildConfiguration;
			buildSettings = {
				CODE_SIGN_STYLE = Automatic;
				CURRENT_PROJECT_VERSION = 1;
				DEVELOPMENT_TEAM = 8KR33X63ZD;
				GENERATE_INFOPLIST_FILE = YES;
				MARKETING_VERSION = 1.0;
				PRODUCT_BUNDLE_IDENTIFIER = DuarteBruno.AnimeAndMangaUITests;
				PRODUCT_NAME = "$(TARGET_NAME)";
				SWIFT_EMIT_LOC_STRINGS = NO;
				SWIFT_VERSION = 5.0;
				TARGETED_DEVICE_FAMILY = "1,2";
				TEST_TARGET_NAME = AnimeAndManga;
			};
			name = Debug;
		};
		751F65442D6D3BCC00812B8F /* Release */ = {
			isa = XCBuildConfiguration;
			buildSettings = {
				CODE_SIGN_STYLE = Automatic;
				CURRENT_PROJECT_VERSION = 1;
				DEVELOPMENT_TEAM = 8KR33X63ZD;
				GENERATE_INFOPLIST_FILE = YES;
				MARKETING_VERSION = 1.0;
				PRODUCT_BUNDLE_IDENTIFIER = DuarteBruno.AnimeAndMangaUITests;
				PRODUCT_NAME = "$(TARGET_NAME)";
				SWIFT_EMIT_LOC_STRINGS = NO;
				SWIFT_VERSION = 5.0;
				TARGETED_DEVICE_FAMILY = "1,2";
				TEST_TARGET_NAME = AnimeAndManga;
			};
			name = Release;
		};
/* End XCBuildConfiguration section */

/* Begin XCConfigurationList section */
		751F65132D6D3BCA00812B8F /* Build configuration list for PBXProject "AnimeAndManga" */ = {
			isa = XCConfigurationList;
			buildConfigurations = (
				751F653A2D6D3BCC00812B8F /* Debug */,
				751F653B2D6D3BCC00812B8F /* Release */,
			);
			defaultConfigurationIsVisible = 0;
			defaultConfigurationName = Release;
		};
		751F653C2D6D3BCC00812B8F /* Build configuration list for PBXNativeTarget "AnimeAndManga" */ = {
			isa = XCConfigurationList;
			buildConfigurations = (
				751F653D2D6D3BCC00812B8F /* Debug */,
				751F653E2D6D3BCC00812B8F /* Release */,
			);
			defaultConfigurationIsVisible = 0;
			defaultConfigurationName = Release;
		};
		751F653F2D6D3BCC00812B8F /* Build configuration list for PBXNativeTarget "AnimeAndMangaTests" */ = {
			isa = XCConfigurationList;
			buildConfigurations = (
				751F65402D6D3BCC00812B8F /* Debug */,
				751F65412D6D3BCC00812B8F /* Release */,
			);
			defaultConfigurationIsVisible = 0;
			defaultConfigurationName = Release;
		};
		751F65422D6D3BCC00812B8F /* Build configuration list for PBXNativeTarget "AnimeAndMangaUITests" */ = {
			isa = XCConfigurationList;
			buildConfigurations = (
				751F65432D6D3BCC00812B8F /* Debug */,
				751F65442D6D3BCC00812B8F /* Release */,
			);
			defaultConfigurationIsVisible = 0;
			defaultConfigurationName = Release;
		};
/* End XCConfigurationList section */
	};
	rootObject = 751F65102D6D3BCA00812B8F /* Project object */;
}
